
Microsoft Visual Studio Solution File, Format Version 12.00
# Visual Studio Version 16
VisualStudioVersion = 16.0.30523.141
MinimumVisualStudioVersion = 10.0.40219.1
Project("{FAE04EC0-301F-11D3-BF4B-00C04F79EFBC}") = "Take-Away System", "Take-Away System\Take-Away System.csproj", "{621D36A0-1871-466A-8873-4232D7F5D035}"
EndProject
Global
	GlobalSection(SolutionConfigurationPlatforms) = preSolution
		Debug|Any CPU = Debug|Any CPU
		Release|Any CPU = Release|Any CPU
	EndGlobalSection
	GlobalSection(ProjectConfigurationPlatforms) = postSolution
		{621D36A0-1871-466A-8873-4232D7F5D035}.Debug|Any CPU.ActiveCfg = Debug|Any CPU
		{621D36A0-1871-466A-8873-4232D7F5D035}.Debug|Any CPU.Build.0 = Debug|Any CPU
		{621D36A0-1871-466A-8873-4232D7F5D035}.Release|Any CPU.ActiveCfg = Release|Any CPU
		{621D36A0-1871-466A-8873-4232D7F5D035}.Release|Any CPU.Build.0 = Release|Any CPU
	EndGlobalSection
	GlobalSection(SolutionProperties) = preSolution
		HideSolutionNode = FALSE
	EndGlobalSection
	GlobalSection(ExtensibilityGlobals) = postSolution
		SolutionGuid = {3A7842B5-0771-4AD6-AD51-3C9F448F4EEF}
	EndGlobalSection
EndGlobal
